
Microsoft Visual Studio Solution File, Format Version 12.00
# Visual Studio Version 17
VisualStudioVersion = 17.8.34322.80
MinimumVisualStudioVersion = 10.0.40219.1
Project("{2150E333-8FDC-42A3-9474-1A3956D46DE8}") = "DesignPatterns", "DesignPatterns", "{393E4C3D-4824-4E1A-A5E7-E234EB9ECDDA}"
EndProject
Project("{2150E333-8FDC-42A3-9474-1A3956D46DE8}") = "Creational", "Creational", "{D418CDE8-00C4-489A-9548-DFA4771B3A22}"
EndProject
Project("{9A19103F-16F7-4668-BE54-9A1E7A4F7556}") = "AbstractFabric", "DesignPatterns\Creational\AbstractFabric\AbstractFabric.csproj", "{4D329719-F368-415C-A4BB-1771BE04BC4A}"
EndProject
Project("{9A19103F-16F7-4668-BE54-9A1E7A4F7556}") = "Builder", "DesignPatterns\Creational\Builder\Builder.csproj", "{0D5EE535-B2EC-4A73-B5F5-B51ADECFA9DD}"
EndProject
Project("{9A19103F-16F7-4668-BE54-9A1E7A4F7556}") = "Fabric", "DesignPatterns\Creational\Fabric\Fabric.csproj", "{7780DFF4-928E-46AF-83C9-F89003968497}"
EndProject
Project("{9A19103F-16F7-4668-BE54-9A1E7A4F7556}") = "Prototype", "DesignPatterns\Creational\Prototype\Prototype.csproj", "{0B7351A5-CA59-4244-95AA-16A928D7DDBC}"
EndProject
Project("{9A19103F-16F7-4668-BE54-9A1E7A4F7556}") = "Singleton", "DesignPatterns\Creational\Singleton\Singleton.csproj", "{47AAE145-2689-4954-B697-2DAA732AF567}"
EndProject
Project("{2150E333-8FDC-42A3-9474-1A3956D46DE8}") = "Behavioral", "Behavioral", "{0D86FF4C-CA27-44C0-89BE-26622E7C4C91}"
EndProject
Project("{9A19103F-16F7-4668-BE54-9A1E7A4F7556}") = "Strategy", "DesignPatterns\Behavioral\Strategy\Strategy.csproj", "{026DB1FA-5194-4F3C-A0C5-3ED47260BED2}"
EndProject
Project("{9A19103F-16F7-4668-BE54-9A1E7A4F7556}") = "Observer", "Observer\Observer.csproj", "{339D401E-A7F0-4F8B-8762-A808343FAF43}"
EndProject
Project("{9A19103F-16F7-4668-BE54-9A1E7A4F7556}") = "Mediator", "Mediator\Mediator.csproj", "{271656D3-394A-4988-BDF2-3615B3B1410D}"
EndProject
Project("{9A19103F-16F7-4668-BE54-9A1E7A4F7556}") = "ChainOfResponsibility", "ChainOfResponsibility\ChainOfResponsibility.csproj", "{EE5EAA3F-0283-4C3C-BB1A-FF404FD1CCEB}"
EndProject
Project("{9A19103F-16F7-4668-BE54-9A1E7A4F7556}") = "TemplateMethod", "TemplateMethod\TemplateMethod.csproj", "{BEAF578C-9FA9-4BAC-854F-0F510670A918}"
EndProject
Project("{9A19103F-16F7-4668-BE54-9A1E7A4F7556}") = "State", "State\State.csproj", "{D3297DF5-8995-427A-B01F-85E43E2D3A60}"
EndProject
Project("{9A19103F-16F7-4668-BE54-9A1E7A4F7556}") = "Adapter", "DesignPatterns\Structural\Adapter\Adapter.csproj", "{5703D112-3268-4EAB-9FDF-6F76936BB258}"
EndProject
Project("{2150E333-8FDC-42A3-9474-1A3956D46DE8}") = "Structural", "Structural", "{2800BD96-EB30-4D26-89BF-BC228A3804BE}"
EndProject
Project("{FAE04EC0-301F-11D3-BF4B-00C04F79EFBC}") = "Facade", "DesignPatterns\Structural\Facade\Facade.csproj", "{31A01504-D021-4104-97D2-B5F90B689176}"
EndProject
Project("{FAE04EC0-301F-11D3-BF4B-00C04F79EFBC}") = "Decorator", "DesignPatterns\Structural\Decorator\Decorator.csproj", "{C6A105D9-4130-480F-9C10-4DF225EBE44E}"
EndProject
Global
	GlobalSection(SolutionConfigurationPlatforms) = preSolution
		Debug|Any CPU = Debug|Any CPU
		Release|Any CPU = Release|Any CPU
	EndGlobalSection
	GlobalSection(ProjectConfigurationPlatforms) = postSolution
		{4D329719-F368-415C-A4BB-1771BE04BC4A}.Debug|Any CPU.ActiveCfg = Debug|Any CPU
		{4D329719-F368-415C-A4BB-1771BE04BC4A}.Debug|Any CPU.Build.0 = Debug|Any CPU
		{4D329719-F368-415C-A4BB-1771BE04BC4A}.Release|Any CPU.ActiveCfg = Release|Any CPU
		{4D329719-F368-415C-A4BB-1771BE04BC4A}.Release|Any CPU.Build.0 = Release|Any CPU
		{0D5EE535-B2EC-4A73-B5F5-B51ADECFA9DD}.Debug|Any CPU.ActiveCfg = Debug|Any CPU
		{0D5EE535-B2EC-4A73-B5F5-B51ADECFA9DD}.Debug|Any CPU.Build.0 = Debug|Any CPU
		{0D5EE535-B2EC-4A73-B5F5-B51ADECFA9DD}.Release|Any CPU.ActiveCfg = Release|Any CPU
		{0D5EE535-B2EC-4A73-B5F5-B51ADECFA9DD}.Release|Any CPU.Build.0 = Release|Any CPU
		{7780DFF4-928E-46AF-83C9-F89003968497}.Debug|Any CPU.ActiveCfg = Debug|Any CPU
		{7780DFF4-928E-46AF-83C9-F89003968497}.Debug|Any CPU.Build.0 = Debug|Any CPU
		{7780DFF4-928E-46AF-83C9-F89003968497}.Release|Any CPU.ActiveCfg = Release|Any CPU
		{7780DFF4-928E-46AF-83C9-F89003968497}.Release|Any CPU.Build.0 = Release|Any CPU
		{0B7351A5-CA59-4244-95AA-16A928D7DDBC}.Debug|Any CPU.ActiveCfg = Debug|Any CPU
		{0B7351A5-CA59-4244-95AA-16A928D7DDBC}.Debug|Any CPU.Build.0 = Debug|Any CPU
		{0B7351A5-CA59-4244-95AA-16A928D7DDBC}.Release|Any CPU.ActiveCfg = Release|Any CPU
		{0B7351A5-CA59-4244-95AA-16A928D7DDBC}.Release|Any CPU.Build.0 = Release|Any CPU
		{47AAE145-2689-4954-B697-2DAA732AF567}.Debug|Any CPU.ActiveCfg = Debug|Any CPU
		{47AAE145-2689-4954-B697-2DAA732AF567}.Debug|Any CPU.Build.0 = Debug|Any CPU
		{47AAE145-2689-4954-B697-2DAA732AF567}.Release|Any CPU.ActiveCfg = Release|Any CPU
		{47AAE145-2689-4954-B697-2DAA732AF567}.Release|Any CPU.Build.0 = Release|Any CPU
		{026DB1FA-5194-4F3C-A0C5-3ED47260BED2}.Debug|Any CPU.ActiveCfg = Debug|Any CPU
		{026DB1FA-5194-4F3C-A0C5-3ED47260BED2}.Debug|Any CPU.Build.0 = Debug|Any CPU
		{026DB1FA-5194-4F3C-A0C5-3ED47260BED2}.Release|Any CPU.ActiveCfg = Release|Any CPU
		{026DB1FA-5194-4F3C-A0C5-3ED47260BED2}.Release|Any CPU.Build.0 = Release|Any CPU
		{339D401E-A7F0-4F8B-8762-A808343FAF43}.Debug|Any CPU.ActiveCfg = Debug|Any CPU
		{339D401E-A7F0-4F8B-8762-A808343FAF43}.Debug|Any CPU.Build.0 = Debug|Any CPU
		{339D401E-A7F0-4F8B-8762-A808343FAF43}.Release|Any CPU.ActiveCfg = Release|Any CPU
		{339D401E-A7F0-4F8B-8762-A808343FAF43}.Release|Any CPU.Build.0 = Release|Any CPU
		{271656D3-394A-4988-BDF2-3615B3B1410D}.Debug|Any CPU.ActiveCfg = Debug|Any CPU
		{271656D3-394A-4988-BDF2-3615B3B1410D}.Debug|Any CPU.Build.0 = Debug|Any CPU
		{271656D3-394A-4988-BDF2-3615B3B1410D}.Release|Any CPU.ActiveCfg = Release|Any CPU
		{271656D3-394A-4988-BDF2-3615B3B1410D}.Release|Any CPU.Build.0 = Release|Any CPU
		{EE5EAA3F-0283-4C3C-BB1A-FF404FD1CCEB}.Debug|Any CPU.ActiveCfg = Debug|Any CPU
		{EE5EAA3F-0283-4C3C-BB1A-FF404FD1CCEB}.Debug|Any CPU.Build.0 = Debug|Any CPU
		{EE5EAA3F-0283-4C3C-BB1A-FF404FD1CCEB}.Release|Any CPU.ActiveCfg = Release|Any CPU
		{EE5EAA3F-0283-4C3C-BB1A-FF404FD1CCEB}.Release|Any CPU.Build.0 = Release|Any CPU
		{BEAF578C-9FA9-4BAC-854F-0F510670A918}.Debug|Any CPU.ActiveCfg = Debug|Any CPU
		{BEAF578C-9FA9-4BAC-854F-0F510670A918}.Debug|Any CPU.Build.0 = Debug|Any CPU
		{BEAF578C-9FA9-4BAC-854F-0F510670A918}.Release|Any CPU.ActiveCfg = Release|Any CPU
		{BEAF578C-9FA9-4BAC-854F-0F510670A918}.Release|Any CPU.Build.0 = Release|Any CPU
		{D3297DF5-8995-427A-B01F-85E43E2D3A60}.Debug|Any CPU.ActiveCfg = Debug|Any CPU
		{D3297DF5-8995-427A-B01F-85E43E2D3A60}.Debug|Any CPU.Build.0 = Debug|Any CPU
		{D3297DF5-8995-427A-B01F-85E43E2D3A60}.Release|Any CPU.ActiveCfg = Release|Any CPU
		{D3297DF5-8995-427A-B01F-85E43E2D3A60}.Release|Any CPU.Build.0 = Release|Any CPU
		{5703D112-3268-4EAB-9FDF-6F76936BB258}.Debug|Any CPU.ActiveCfg = Debug|Any CPU
		{5703D112-3268-4EAB-9FDF-6F76936BB258}.Debug|Any CPU.Build.0 = Debug|Any CPU
		{5703D112-3268-4EAB-9FDF-6F76936BB258}.Release|Any CPU.ActiveCfg = Release|Any CPU
		{5703D112-3268-4EAB-9FDF-6F76936BB258}.Release|Any CPU.Build.0 = Release|Any CPU
		{31A01504-D021-4104-97D2-B5F90B689176}.Debug|Any CPU.ActiveCfg = Debug|Any CPU
		{31A01504-D021-4104-97D2-B5F90B689176}.Debug|Any CPU.Build.0 = Debug|Any CPU
		{31A01504-D021-4104-97D2-B5F90B689176}.Release|Any CPU.ActiveCfg = Release|Any CPU
		{31A01504-D021-4104-97D2-B5F90B689176}.Release|Any CPU.Build.0 = Release|Any CPU
		{C6A105D9-4130-480F-9C10-4DF225EBE44E}.Debug|Any CPU.ActiveCfg = Debug|Any CPU
		{C6A105D9-4130-480F-9C10-4DF225EBE44E}.Debug|Any CPU.Build.0 = Debug|Any CPU
		{C6A105D9-4130-480F-9C10-4DF225EBE44E}.Release|Any CPU.ActiveCfg = Release|Any CPU
		{C6A105D9-4130-480F-9C10-4DF225EBE44E}.Release|Any CPU.Build.0 = Release|Any CPU
	EndGlobalSection
	GlobalSection(SolutionProperties) = preSolution
		HideSolutionNode = FALSE
	EndGlobalSection
	GlobalSection(NestedProjects) = preSolution
		{D418CDE8-00C4-489A-9548-DFA4771B3A22} = {393E4C3D-4824-4E1A-A5E7-E234EB9ECDDA}
		{4D329719-F368-415C-A4BB-1771BE04BC4A} = {D418CDE8-00C4-489A-9548-DFA4771B3A22}
		{0D5EE535-B2EC-4A73-B5F5-B51ADECFA9DD} = {D418CDE8-00C4-489A-9548-DFA4771B3A22}
		{7780DFF4-928E-46AF-83C9-F89003968497} = {D418CDE8-00C4-489A-9548-DFA4771B3A22}
		{0B7351A5-CA59-4244-95AA-16A928D7DDBC} = {D418CDE8-00C4-489A-9548-DFA4771B3A22}
		{47AAE145-2689-4954-B697-2DAA732AF567} = {D418CDE8-00C4-489A-9548-DFA4771B3A22}
		{0D86FF4C-CA27-44C0-89BE-26622E7C4C91} = {393E4C3D-4824-4E1A-A5E7-E234EB9ECDDA}
		{026DB1FA-5194-4F3C-A0C5-3ED47260BED2} = {0D86FF4C-CA27-44C0-89BE-26622E7C4C91}
		{339D401E-A7F0-4F8B-8762-A808343FAF43} = {0D86FF4C-CA27-44C0-89BE-26622E7C4C91}
		{271656D3-394A-4988-BDF2-3615B3B1410D} = {0D86FF4C-CA27-44C0-89BE-26622E7C4C91}
		{EE5EAA3F-0283-4C3C-BB1A-FF404FD1CCEB} = {0D86FF4C-CA27-44C0-89BE-26622E7C4C91}
		{BEAF578C-9FA9-4BAC-854F-0F510670A918} = {0D86FF4C-CA27-44C0-89BE-26622E7C4C91}
		{D3297DF5-8995-427A-B01F-85E43E2D3A60} = {0D86FF4C-CA27-44C0-89BE-26622E7C4C91}
		{5703D112-3268-4EAB-9FDF-6F76936BB258} = {2800BD96-EB30-4D26-89BF-BC228A3804BE}
		{2800BD96-EB30-4D26-89BF-BC228A3804BE} = {393E4C3D-4824-4E1A-A5E7-E234EB9ECDDA}
		{31A01504-D021-4104-97D2-B5F90B689176} = {2800BD96-EB30-4D26-89BF-BC228A3804BE}
		{C6A105D9-4130-480F-9C10-4DF225EBE44E} = {2800BD96-EB30-4D26-89BF-BC228A3804BE}
	EndGlobalSection
	GlobalSection(ExtensibilityGlobals) = postSolution
		SolutionGuid = {16BE42E4-C52C-4552-A441-A59006057C93}
	EndGlobalSection
EndGlobal
