
Microsoft Visual Studio Solution File, Format Version 12.00
# Visual Studio Version 17
VisualStudioVersion = 17.8.34322.80
MinimumVisualStudioVersion = 10.0.40219.1
Project("{2150E333-8FDC-42A3-9474-1A3956D46DE8}") = "DesignPatterns", "DesignPatterns", "{393E4C3D-4824-4E1A-A5E7-E234EB9ECDDA}"
EndProject
Project("{2150E333-8FDC-42A3-9474-1A3956D46DE8}") = "Creational", "Creational", "{D418CDE8-00C4-489A-9548-DFA4771B3A22}"
EndProject
Project("{9A19103F-16F7-4668-BE54-9A1E7A4F7556}") = "AbstractFabric", "DesignPatterns\Creational\AbstractFabric\AbstractFabric.csproj", "{4D329719-F368-415C-A4BB-1771BE04BC4A}"
EndProject
Project("{9A19103F-16F7-4668-BE54-9A1E7A4F7556}") = "Builder", "DesignPatterns\Creational\Builder\Builder.csproj", "{0D5EE535-B2EC-4A73-B5F5-B51ADECFA9DD}"
EndProject
Project("{9A19103F-16F7-4668-BE54-9A1E7A4F7556}") = "Fabric", "DesignPatterns\Creational\Fabric\Fabric.csproj", "{7780DFF4-928E-46AF-83C9-F89003968497}"
EndProject
Project("{FAE04EC0-301F-11D3-BF4B-00C04F79EFBC}") = "Prototype", "DesignPatterns\Creational\Prototype\Prototype.csproj", "{0B7351A5-CA59-4244-95AA-16A928D7DDBC}"
EndProject
Global
	GlobalSection(SolutionConfigurationPlatforms) = preSolution
		Debug|Any CPU = Debug|Any CPU
		Release|Any CPU = Release|Any CPU
	EndGlobalSection
	GlobalSection(ProjectConfigurationPlatforms) = postSolution
		{4D329719-F368-415C-A4BB-1771BE04BC4A}.Debug|Any CPU.ActiveCfg = Debug|Any CPU
		{4D329719-F368-415C-A4BB-1771BE04BC4A}.Debug|Any CPU.Build.0 = Debug|Any CPU
		{4D329719-F368-415C-A4BB-1771BE04BC4A}.Release|Any CPU.ActiveCfg = Release|Any CPU
		{4D329719-F368-415C-A4BB-1771BE04BC4A}.Release|Any CPU.Build.0 = Release|Any CPU
		{0D5EE535-B2EC-4A73-B5F5-B51ADECFA9DD}.Debug|Any CPU.ActiveCfg = Debug|Any CPU
		{0D5EE535-B2EC-4A73-B5F5-B51ADECFA9DD}.Debug|Any CPU.Build.0 = Debug|Any CPU
		{0D5EE535-B2EC-4A73-B5F5-B51ADECFA9DD}.Release|Any CPU.ActiveCfg = Release|Any CPU
		{0D5EE535-B2EC-4A73-B5F5-B51ADECFA9DD}.Release|Any CPU.Build.0 = Release|Any CPU
		{7780DFF4-928E-46AF-83C9-F89003968497}.Debug|Any CPU.ActiveCfg = Debug|Any CPU
		{7780DFF4-928E-46AF-83C9-F89003968497}.Debug|Any CPU.Build.0 = Debug|Any CPU
		{7780DFF4-928E-46AF-83C9-F89003968497}.Release|Any CPU.ActiveCfg = Release|Any CPU
		{7780DFF4-928E-46AF-83C9-F89003968497}.Release|Any CPU.Build.0 = Release|Any CPU
		{0B7351A5-CA59-4244-95AA-16A928D7DDBC}.Debug|Any CPU.ActiveCfg = Debug|Any CPU
		{0B7351A5-CA59-4244-95AA-16A928D7DDBC}.Debug|Any CPU.Build.0 = Debug|Any CPU
		{0B7351A5-CA59-4244-95AA-16A928D7DDBC}.Release|Any CPU.ActiveCfg = Release|Any CPU
		{0B7351A5-CA59-4244-95AA-16A928D7DDBC}.Release|Any CPU.Build.0 = Release|Any CPU
	EndGlobalSection
	GlobalSection(SolutionProperties) = preSolution
		HideSolutionNode = FALSE
	EndGlobalSection
	GlobalSection(NestedProjects) = preSolution
		{D418CDE8-00C4-489A-9548-DFA4771B3A22} = {393E4C3D-4824-4E1A-A5E7-E234EB9ECDDA}
		{4D329719-F368-415C-A4BB-1771BE04BC4A} = {D418CDE8-00C4-489A-9548-DFA4771B3A22}
		{0D5EE535-B2EC-4A73-B5F5-B51ADECFA9DD} = {D418CDE8-00C4-489A-9548-DFA4771B3A22}
		{7780DFF4-928E-46AF-83C9-F89003968497} = {D418CDE8-00C4-489A-9548-DFA4771B3A22}
		{0B7351A5-CA59-4244-95AA-16A928D7DDBC} = {D418CDE8-00C4-489A-9548-DFA4771B3A22}
	EndGlobalSection
	GlobalSection(ExtensibilityGlobals) = postSolution
		SolutionGuid = {16BE42E4-C52C-4552-A441-A59006057C93}
	EndGlobalSection
EndGlobal
